
Microsoft Visual Studio Solution File, Format Version 12.00
# Visual Studio Version 16
VisualStudioVersion = 16.0.29613.14
MinimumVisualStudioVersion = 10.0.40219.1
Project("{FAE04EC0-301F-11D3-BF4B-00C04F79EFBC}") = "CarAPI", "CarAPI.csproj", "{273BA952-2470-461A-90AE-98482B09B886}"
EndProject
Global
	GlobalSection(SolutionConfigurationPlatforms) = preSolution
		Debug|Any CPU = Debug|Any CPU
		Release|Any CPU = Release|Any CPU
	EndGlobalSection
	GlobalSection(ProjectConfigurationPlatforms) = postSolution
		{273BA952-2470-461A-90AE-98482B09B886}.Debug|Any CPU.ActiveCfg = Debug|Any CPU
		{273BA952-2470-461A-90AE-98482B09B886}.Debug|Any CPU.Build.0 = Debug|Any CPU
		{273BA952-2470-461A-90AE-98482B09B886}.Release|Any CPU.ActiveCfg = Release|Any CPU
		{273BA952-2470-461A-90AE-98482B09B886}.Release|Any CPU.Build.0 = Release|Any CPU
	EndGlobalSection
	GlobalSection(SolutionProperties) = preSolution
		HideSolutionNode = FALSE
	EndGlobalSection
	GlobalSection(ExtensibilityGlobals) = postSolution
		SolutionGuid = {DC19FDB6-7F26-4095-9D8E-565977BF5C69}
	EndGlobalSection
EndGlobal
